{
    "_readme": [
        "This file locks the dependencies of your project to a known state",
        "Read more about it at https://getcomposer.org/doc/01-basic-usage.md#installing-dependencies",
        "This file is @generated automatically"
    ],
    "content-hash": "074a1d07cd0f582fdb98d61284a13b09",
    "packages": [
        {
            "name": "byteshard/debug",
            "version": "v1.0.1",
            "source": {
                "type": "git",
                "url": "https://github.com/bespin-studios/byteshard-debug.git",
                "reference": "102017288749fe1da687572b6200d7212d19e2de"
            },
            "dist": {
                "type": "zip",
                "url": "https://api.github.com/repos/bespin-studios/byteshard-debug/zipball/102017288749fe1da687572b6200d7212d19e2de",
                "reference": "102017288749fe1da687572b6200d7212d19e2de",
                "shasum": ""
            },
            "require": {
                "php": "^8.1",
                "psr/log": "^3.0"
            },
            "require-dev": {
                "phpstan/phpstan": "^1.10"
            },
            "type": "library",
            "autoload": {
                "psr-4": {
                    "byteShard\\": "src/byteShard"
                }
            },
            "notification-url": "https://packagist.org/downloads/",
            "license": [
                "MPL-2.0"
            ],
            "authors": [
                {
                    "name": "Lars Hennig"
                }
            ],
            "description": "Debug helper for the byteShard framework",
            "support": {
                "issues": "https://github.com/bespin-studios/byteshard-debug/issues",
                "source": "https://github.com/bespin-studios/byteshard-debug/tree/v1.0.1"
            },
            "time": "2023-05-08T12:22:09+00:00"
        },
        {
            "name": "byteshard/locale",
            "version": "v1.0.1",
            "source": {
                "type": "git",
                "url": "https://github.com/bespin-studios/byteshard-locale.git",
                "reference": "c02934390fe5eead28f4e6b63c70047c316c88bf"
            },
            "dist": {
                "type": "zip",
                "url": "https://api.github.com/repos/bespin-studios/byteshard-locale/zipball/c02934390fe5eead28f4e6b63c70047c316c88bf",
                "reference": "c02934390fe5eead28f4e6b63c70047c316c88bf",
                "shasum": ""
            },
            "require": {
                "byteshard/debug": "^1.0",
                "php": "^8.1"
            },
            "require-dev": {
                "phpstan/phpstan": "^1.9"
            },
            "type": "library",
            "autoload": {
                "psr-4": {
                    "byteShard\\": "src/byteShard"
                }
            },
            "notification-url": "https://packagist.org/downloads/",
            "license": [
                "MPL-2.0"
            ],
            "authors": [
                {
                    "name": "Lars Hennig"
                }
            ],
            "description": "Locale components for the byteShard framework",
            "support": {
                "issues": "https://github.com/bespin-studios/byteshard-locale/issues",
                "source": "https://github.com/bespin-studios/byteshard-locale/tree/v1.0.1"
            },
            "time": "2023-05-08T13:24:26+00:00"
        },
        {
            "name": "psr/log",
            "version": "3.0.2",
            "source": {
                "type": "git",
                "url": "https://github.com/php-fig/log.git",
                "reference": "f16e1d5863e37f8d8c2a01719f5b34baa2b714d3"
            },
            "dist": {
                "type": "zip",
                "url": "https://api.github.com/repos/php-fig/log/zipball/f16e1d5863e37f8d8c2a01719f5b34baa2b714d3",
                "reference": "f16e1d5863e37f8d8c2a01719f5b34baa2b714d3",
                "shasum": ""
            },
            "require": {
                "php": ">=8.0.0"
            },
            "type": "library",
            "extra": {
                "branch-alias": {
                    "dev-master": "3.x-dev"
                }
            },
            "autoload": {
                "psr-4": {
                    "Psr\\Log\\": "src"
                }
            },
            "notification-url": "https://packagist.org/downloads/",
            "license": [
                "MIT"
            ],
            "authors": [
                {
                    "name": "PHP-FIG",
                    "homepage": "https://www.php-fig.org/"
                }
            ],
            "description": "Common interface for logging libraries",
            "homepage": "https://github.com/php-fig/log",
            "keywords": [
                "log",
                "psr",
                "psr-3"
            ],
            "support": {
                "source": "https://github.com/php-fig/log/tree/3.0.2"
            },
            "time": "2024-09-11T13:17:53+00:00"
        }
    ],
    "packages-dev": [
        {
            "name": "phpstan/phpstan",
            "version": "2.1.16",
            "source": {
                "type": "git",
                "url": "https://github.com/phpstan/phpstan.git",
                "reference": "b8c1cf533cba0c305d91c6ccd23f3dd0566ba5f9"
            },
            "dist": {
                "type": "zip",
                "url": "https://api.github.com/repos/phpstan/phpstan/zipball/b8c1cf533cba0c305d91c6ccd23f3dd0566ba5f9",
                "reference": "b8c1cf533cba0c305d91c6ccd23f3dd0566ba5f9",
                "shasum": ""
            },
            "require": {
                "php": "^7.4|^8.0"
            },
            "conflict": {
                "phpstan/phpstan-shim": "*"
            },
            "bin": [
                "phpstan",
                "phpstan.phar"
            ],
            "type": "library",
            "autoload": {
                "files": [
                    "bootstrap.php"
                ]
            },
            "notification-url": "https://packagist.org/downloads/",
            "license": [
                "MIT"
            ],
            "description": "PHPStan - PHP Static Analysis Tool",
            "keywords": [
                "dev",
                "static analysis"
            ],
            "support": {
                "docs": "https://phpstan.org/user-guide/getting-started",
                "forum": "https://github.com/phpstan/phpstan/discussions",
                "issues": "https://github.com/phpstan/phpstan/issues",
                "security": "https://github.com/phpstan/phpstan/security/policy",
                "source": "https://github.com/phpstan/phpstan-src"
            },
            "funding": [
                {
                    "url": "https://github.com/ondrejmirtes",
                    "type": "github"
                },
                {
                    "url": "https://github.com/phpstan",
                    "type": "github"
                }
            ],
            "time": "2025-05-16T09:40:10+00:00"
        }
    ],
    "aliases": [],
    "minimum-stability": "stable",
    "stability-flags": {},
    "prefer-stable": false,
    "prefer-lowest": false,
    "platform": {
        "php": "^8.1"
    },
    "platform-dev": {},
    "plugin-api-version": "2.6.0"
}
